
Microsoft Visual Studio Solution File, Format Version 12.00
# Visual Studio 15
VisualStudioVersion = 15.0.27703.2018
MinimumVisualStudioVersion = 10.0.40219.1
Project("{FAE04EC0-301F-11D3-BF4B-00C04F79EFBC}") = "WebServicesDemo", "WebServicesDemo\WebServicesDemo.csproj", "{7FDE1E79-7B50-46FC-9509-B0501954688A}"
EndProject
Project("{FAE04EC0-301F-11D3-BF4B-00C04F79EFBC}") = "ConsumingWebService", "ConsumingWebService\ConsumingWebService.csproj", "{DA2BA240-B879-43C3-A328-7AD2AEFED30F}"
	ProjectSection(ProjectDependencies) = postProject
		{7FDE1E79-7B50-46FC-9509-B0501954688A} = {7FDE1E79-7B50-46FC-9509-B0501954688A}
	EndProjectSection
EndProject
Global
	GlobalSection(SolutionConfigurationPlatforms) = preSolution
		Debug|Any CPU = Debug|Any CPU
		Release|Any CPU = Release|Any CPU
	EndGlobalSection
	GlobalSection(ProjectConfigurationPlatforms) = postSolution
		{7FDE1E79-7B50-46FC-9509-B0501954688A}.Debug|Any CPU.ActiveCfg = Debug|Any CPU
		{7FDE1E79-7B50-46FC-9509-B0501954688A}.Debug|Any CPU.Build.0 = Debug|Any CPU
		{7FDE1E79-7B50-46FC-9509-B0501954688A}.Release|Any CPU.ActiveCfg = Release|Any CPU
		{7FDE1E79-7B50-46FC-9509-B0501954688A}.Release|Any CPU.Build.0 = Release|Any CPU
		{DA2BA240-B879-43C3-A328-7AD2AEFED30F}.Debug|Any CPU.ActiveCfg = Debug|Any CPU
		{DA2BA240-B879-43C3-A328-7AD2AEFED30F}.Debug|Any CPU.Build.0 = Debug|Any CPU
		{DA2BA240-B879-43C3-A328-7AD2AEFED30F}.Release|Any CPU.ActiveCfg = Release|Any CPU
		{DA2BA240-B879-43C3-A328-7AD2AEFED30F}.Release|Any CPU.Build.0 = Release|Any CPU
	EndGlobalSection
	GlobalSection(SolutionProperties) = preSolution
		HideSolutionNode = FALSE
	EndGlobalSection
	GlobalSection(ExtensibilityGlobals) = postSolution
		SolutionGuid = {13B20953-195F-40EF-9CB8-B388AAB707D1}
	EndGlobalSection
EndGlobal
